// !$*UTF8*$!
{
	archiveVersion = 1;
	classes = {
	};
	objectVersion = 46;
	objects = {

/* Begin PBXBuildFile section */
		E129A54C1F654E0F00CC6CDE /* FeedModel.swift in Sources */ = {isa = PBXBuildFile; fileRef = E129A54B1F654E0F00CC6CDE /* FeedModel.swift */; };
		E1328F021F63BF6F0079566B /* AppDelegate.swift in Sources */ = {isa = PBXBuildFile; fileRef = E1328F011F63BF6F0079566B /* AppDelegate.swift */; };
		E1328F041F63BF6F0079566B /* ViewController.swift in Sources */ = {isa = PBXBuildFile; fileRef = E1328F031F63BF6F0079566B /* ViewController.swift */; };
		E1328F071F63BF6F0079566B /* Main.storyboard in Resources */ = {isa = PBXBuildFile; fileRef = E1328F051F63BF6F0079566B /* Main.storyboard */; };
		E1328F091F63BF6F0079566B /* Assets.xcassets in Resources */ = {isa = PBXBuildFile; fileRef = E1328F081F63BF6F0079566B /* Assets.xcassets */; };
		E1328F0C1F63BF6F0079566B /* LaunchScreen.storyboard in Resources */ = {isa = PBXBuildFile; fileRef = E1328F0A1F63BF6F0079566B /* LaunchScreen.storyboard */; };
		E1328F171F63BF6F0079566B /* HoleTests.swift in Sources */ = {isa = PBXBuildFile; fileRef = E1328F161F63BF6F0079566B /* HoleTests.swift */; };
		E1328F221F63BF700079566B /* HoleUITests.swift in Sources */ = {isa = PBXBuildFile; fileRef = E1328F211F63BF700079566B /* HoleUITests.swift */; };
/* End PBXBuildFile section */

/* Begin PBXContainerItemProxy section */
		E1328F131F63BF6F0079566B /* PBXContainerItemProxy */ = {
			isa = PBXContainerItemProxy;
			containerPortal = E1328EF61F63BF6F0079566B /* Project object */;
			proxyType = 1;
			remoteGlobalIDString = E1328EFD1F63BF6F0079566B;
			remoteInfo = Hole;
		};
		E1328F1E1F63BF6F0079566B /* PBXContainerItemProxy */ = {
			isa = PBXContainerItemProxy;
			containerPortal = E1328EF61F63BF6F0079566B /* Project object */;
			proxyType = 1;
			remoteGlobalIDString = E1328EFD1F63BF6F0079566B;
			remoteInfo = Hole;
		};
/* End PBXContainerItemProxy section */

/* Begin PBXFileReference section */
		E129A54B1F654E0F00CC6CDE /* FeedModel.swift */ = {isa = PBXFileReference; fileEncoding = 4; lastKnownFileType = sourcecode.swift; path = FeedModel.swift; sourceTree = "<group>"; };
		E1328EFE1F63BF6F0079566B /* Hole.app */ = {isa = PBXFileReference; explicitFileType = wrapper.application; includeInIndex = 0; path = Hole.app; sourceTree = BUILT_PRODUCTS_DIR; };
		E1328F011F63BF6F0079566B /* AppDelegate.swift */ = {isa = PBXFileReference; lastKnownFileType = sourcecode.swift; path = AppDelegate.swift; sourceTree = "<group>"; };
		E1328F031F63BF6F0079566B /* ViewController.swift */ = {isa = PBXFileReference; lastKnownFileType = sourcecode.swift; path = ViewController.swift; sourceTree = "<group>"; };
		E1328F061F63BF6F0079566B /* Base */ = {isa = PBXFileReference; lastKnownFileType = file.storyboard; name = Base; path = Base.lproj/Main.storyboard; sourceTree = "<group>"; };
		E1328F081F63BF6F0079566B /* Assets.xcassets */ = {isa = PBXFileReference; lastKnownFileType = folder.assetcatalog; path = Assets.xcassets; sourceTree = "<group>"; };
		E1328F0B1F63BF6F0079566B /* Base */ = {isa = PBXFileReference; lastKnownFileType = file.storyboard; name = Base; path = Base.lproj/LaunchScreen.storyboard; sourceTree = "<group>"; };
		E1328F0D1F63BF6F0079566B /* Info.plist */ = {isa = PBXFileReference; lastKnownFileType = text.plist.xml; path = Info.plist; sourceTree = "<group>"; };
		E1328F121F63BF6F0079566B /* HoleTests.xctest */ = {isa = PBXFileReference; explicitFileType = wrapper.cfbundle; includeInIndex = 0; path = HoleTests.xctest; sourceTree = BUILT_PRODUCTS_DIR; };
		E1328F161F63BF6F0079566B /* HoleTests.swift */ = {isa = PBXFileReference; lastKnownFileType = sourcecode.swift; path = HoleTests.swift; sourceTree = "<group>"; };
		E1328F181F63BF6F0079566B /* Info.plist */ = {isa = PBXFileReference; lastKnownFileType = text.plist.xml; path = Info.plist; sourceTree = "<group>"; };
		E1328F1D1F63BF6F0079566B /* HoleUITests.xctest */ = {isa = PBXFileReference; explicitFileType = wrapper.cfbundle; includeInIndex = 0; path = HoleUITests.xctest; sourceTree = BUILT_PRODUCTS_DIR; };
		E1328F211F63BF700079566B /* HoleUITests.swift */ = {isa = PBXFileReference; lastKnownFileType = sourcecode.swift; path = HoleUITests.swift; sourceTree = "<group>"; };
		E1328F231F63BF700079566B /* Info.plist */ = {isa = PBXFileReference; lastKnownFileType = text.plist.xml; path = Info.plist; sourceTree = "<group>"; };
/* End PBXFileReference section */

/* Begin PBXFrameworksBuildPhase section */
		E1328EFB1F63BF6F0079566B /* Frameworks */ = {
			isa = PBXFrameworksBuildPhase;
			buildActionMask = 2147483647;
			files = (
			);
			runOnlyForDeploymentPostprocessing = 0;
		};
		E1328F0F1F63BF6F0079566B /* Frameworks */ = {
			isa = PBXFrameworksBuildPhase;
			buildActionMask = 2147483647;
			files = (
			);
			runOnlyForDeploymentPostprocessing = 0;
		};
		E1328F1A1F63BF6F0079566B /* Frameworks */ = {
			isa = PBXFrameworksBuildPhase;
			buildActionMask = 2147483647;
			files = (
			);
			runOnlyForDeploymentPostprocessing = 0;
		};
/* End PBXFrameworksBuildPhase section */

/* Begin PBXGroup section */
		E1328EF51F63BF6F0079566B = {
			isa = PBXGroup;
			children = (
				E1328F001F63BF6F0079566B /* Hole */,
				E1328F151F63BF6F0079566B /* HoleTests */,
				E1328F201F63BF700079566B /* HoleUITests */,
				E1328EFF1F63BF6F0079566B /* Products */,
			);
			sourceTree = "<group>";
		};
		E1328EFF1F63BF6F0079566B /* Products */ = {
			isa = PBXGroup;
			children = (
				E1328EFE1F63BF6F0079566B /* Hole.app */,
				E1328F121F63BF6F0079566B /* HoleTests.xctest */,
				E1328F1D1F63BF6F0079566B /* HoleUITests.xctest */,
			);
			name = Products;
			sourceTree = "<group>";
		};
		E1328F001F63BF6F0079566B /* Hole */ = {
			isa = PBXGroup;
			children = (
				E1328F011F63BF6F0079566B /* AppDelegate.swift */,
				E1328F031F63BF6F0079566B /* ViewController.swift */,
				E129A54B1F654E0F00CC6CDE /* FeedModel.swift */,
				E1328F051F63BF6F0079566B /* Main.storyboard */,
				E1328F081F63BF6F0079566B /* Assets.xcassets */,
				E1328F0A1F63BF6F0079566B /* LaunchScreen.storyboard */,
				E1328F0D1F63BF6F0079566B /* Info.plist */,
			);
			path = Hole;
			sourceTree = "<group>";
		};
		E1328F151F63BF6F0079566B /* HoleTests */ = {
			isa = PBXGroup;
			children = (
				E1328F161F63BF6F0079566B /* HoleTests.swift */,
				E1328F181F63BF6F0079566B /* Info.plist */,
			);
			path = HoleTests;
			sourceTree = "<group>";
		};
		E1328F201F63BF700079566B /* HoleUITests */ = {
			isa = PBXGroup;
			children = (
				E1328F211F63BF700079566B /* HoleUITests.swift */,
				E1328F231F63BF700079566B /* Info.plist */,
			);
			path = HoleUITests;
			sourceTree = "<group>";
		};
/* End PBXGroup section */

/* Begin PBXNativeTarget section */
		E1328EFD1F63BF6F0079566B /* Hole */ = {
			isa = PBXNativeTarget;
			buildConfigurationList = E1328F261F63BF700079566B /* Build configuration list for PBXNativeTarget "Hole" */;
			buildPhases = (
				E1328EFA1F63BF6F0079566B /* Sources */,
				E1328EFB1F63BF6F0079566B /* Frameworks */,
				E1328EFC1F63BF6F0079566B /* Resources */,
			);
			buildRules = (
			);
			dependencies = (
			);
			name = Hole;
			productName = Hole;
			productReference = E1328EFE1F63BF6F0079566B /* Hole.app */;
			productType = "com.apple.product-type.application";
		};
		E1328F111F63BF6F0079566B /* HoleTests */ = {
			isa = PBXNativeTarget;
			buildConfigurationList = E1328F291F63BF700079566B /* Build configuration list for PBXNativeTarget "HoleTests" */;
			buildPhases = (
				E1328F0E1F63BF6F0079566B /* Sources */,
				E1328F0F1F63BF6F0079566B /* Frameworks */,
				E1328F101F63BF6F0079566B /* Resources */,
			);
			buildRules = (
			);
			dependencies = (
				E1328F141F63BF6F0079566B /* PBXTargetDependency */,
			);
			name = HoleTests;
			productName = HoleTests;
			productReference = E1328F121F63BF6F0079566B /* HoleTests.xctest */;
			productType = "com.apple.product-type.bundle.unit-test";
		};
		E1328F1C1F63BF6F0079566B /* HoleUITests */ = {
			isa = PBXNativeTarget;
			buildConfigurationList = E1328F2C1F63BF700079566B /* Build configuration list for PBXNativeTarget "HoleUITests" */;
			buildPhases = (
				E1328F191F63BF6F0079566B /* Sources */,
				E1328F1A1F63BF6F0079566B /* Frameworks */,
				E1328F1B1F63BF6F0079566B /* Resources */,
			);
			buildRules = (
			);
			dependencies = (
				E1328F1F1F63BF6F0079566B /* PBXTargetDependency */,
			);
			name = HoleUITests;
			productName = HoleUITests;
			productReference = E1328F1D1F63BF6F0079566B /* HoleUITests.xctest */;
			productType = "com.apple.product-type.bundle.ui-testing";
		};
/* End PBXNativeTarget section */

/* Begin PBXProject section */
		E1328EF61F63BF6F0079566B /* Project object */ = {
			isa = PBXProject;
			attributes = {
				LastSwiftUpdateCheck = 0830;
				LastUpgradeCheck = 0830;
				ORGANIZATIONNAME = tanhaipeng;
				TargetAttributes = {
					E1328EFD1F63BF6F0079566B = {
						CreatedOnToolsVersion = 8.3.3;
						DevelopmentTeam = N532BG9YPA;
						ProvisioningStyle = Automatic;
					};
					E1328F111F63BF6F0079566B = {
						CreatedOnToolsVersion = 8.3.3;
						DevelopmentTeam = N532BG9YPA;
						ProvisioningStyle = Automatic;
						TestTargetID = E1328EFD1F63BF6F0079566B;
					};
					E1328F1C1F63BF6F0079566B = {
						CreatedOnToolsVersion = 8.3.3;
						DevelopmentTeam = N532BG9YPA;
						ProvisioningStyle = Automatic;
						TestTargetID = E1328EFD1F63BF6F0079566B;
					};
				};
			};
			buildConfigurationList = E1328EF91F63BF6F0079566B /* Build configuration list for PBXProject "Hole" */;
			compatibilityVersion = "Xcode 3.2";
			developmentRegion = English;
			hasScannedForEncodings = 0;
			knownRegions = (
				en,
				Base,
			);
			mainGroup = E1328EF51F63BF6F0079566B;
			productRefGroup = E1328EFF1F63BF6F0079566B /* Products */;
			projectDirPath = "";
			projectRoot = "";
			targets = (
				E1328EFD1F63BF6F0079566B /* Hole */,
				E1328F111F63BF6F0079566B /* HoleTests */,
				E1328F1C1F63BF6F0079566B /* HoleUITests */,
			);
		};
/* End PBXProject section */

/* Begin PBXResourcesBuildPhase section */
		E1328EFC1F63BF6F0079566B /* Resources */ = {
			isa = PBXResourcesBuildPhase;
			buildActionMask = 2147483647;
			files = (
				E1328F0C1F63BF6F0079566B /* LaunchScreen.storyboard in Resources */,
				E1328F091F63BF6F0079566B /* Assets.xcassets in Resources */,
				E1328F071F63BF6F0079566B /* Main.storyboard in Resources */,
			);
			runOnlyForDeploymentPostprocessing = 0;
		};
		E1328F101F63BF6F0079566B /* Resources */ = {
			isa = PBXResourcesBuildPhase;
			buildActionMask = 2147483647;
			files = (
			);
			runOnlyForDeploymentPostprocessing = 0;
		};
		E1328F1B1F63BF6F0079566B /* Resources */ = {
			isa = PBXResourcesBuildPhase;
			buildActionMask = 2147483647;
			files = (
			);
			runOnlyForDeploymentPostprocessing = 0;
		};
/* End PBXResourcesBuildPhase section */

/* Begin PBXSourcesBuildPhase section */
		E1328EFA1F63BF6F0079566B /* Sources */ = {
			isa = PBXSourcesBuildPhase;
			buildActionMask = 2147483647;
			files = (
				E1328F041F63BF6F0079566B /* ViewController.swift in Sources */,
				E129A54C1F654E0F00CC6CDE /* FeedModel.swift in Sources */,
				E1328F021F63BF6F0079566B /* AppDelegate.swift in Sources */,
			);
			runOnlyForDeploymentPostprocessing = 0;
		};
		E1328F0E1F63BF6F0079566B /* Sources */ = {
			isa = PBXSourcesBuildPhase;
			buildActionMask = 2147483647;
			files = (
				E1328F171F63BF6F0079566B /* HoleTests.swift in Sources */,
			);
			runOnlyForDeploymentPostprocessing = 0;
		};
		E1328F191F63BF6F0079566B /* Sources */ = {
			isa = PBXSourcesBuildPhase;
			buildActionMask = 2147483647;
			files = (
				E1328F221F63BF700079566B /* HoleUITests.swift in Sources */,
			);
			runOnlyForDeploymentPostprocessing = 0;
		};
/* End PBXSourcesBuildPhase section */

/* Begin PBXTargetDependency section */
		E1328F141F63BF6F0079566B /* PBXTargetDependency */ = {
			isa = PBXTargetDependency;
			target = E1328EFD1F63BF6F0079566B /* Hole */;
			targetProxy = E1328F131F63BF6F0079566B /* PBXContainerItemProxy */;
		};
		E1328F1F1F63BF6F0079566B /* PBXTargetDependency */ = {
			isa = PBXTargetDependency;
			target = E1328EFD1F63BF6F0079566B /* Hole */;
			targetProxy = E1328F1E1F63BF6F0079566B /* PBXContainerItemProxy */;
		};
/* End PBXTargetDependency section */

/* Begin PBXVariantGroup section */
		E1328F051F63BF6F0079566B /* Main.storyboard */ = {
			isa = PBXVariantGroup;
			children = (
				E1328F061F63BF6F0079566B /* Base */,
			);
			name = Main.storyboard;
			sourceTree = "<group>";
		};
		E1328F0A1F63BF6F0079566B /* LaunchScreen.storyboard */ = {
			isa = PBXVariantGroup;
			children = (
				E1328F0B1F63BF6F0079566B /* Base */,
			);
			name = LaunchScreen.storyboard;
			sourceTree = "<group>";
		};
/* End PBXVariantGroup section */

/* Begin XCBuildConfiguration section */
		E1328F241F63BF700079566B /* Debug */ = {
			isa = XCBuildConfiguration;
			buildSettings = {
				ALWAYS_SEARCH_USER_PATHS = NO;
				CLANG_ANALYZER_NONNULL = YES;
				CLANG_ANALYZER_NUMBER_OBJECT_CONVERSION = YES_AGGRESSIVE;
				CLANG_CXX_LANGUAGE_STANDARD = "gnu++0x";
				CLANG_CXX_LIBRARY = "libc++";
				CLANG_ENABLE_MODULES = YES;
				CLANG_ENABLE_OBJC_ARC = YES;
				CLANG_WARN_BOOL_CONVERSION = YES;
				CLANG_WARN_CONSTANT_CONVERSION = YES;
				CLANG_WARN_DIRECT_OBJC_ISA_USAGE = YES_ERROR;
				CLANG_WARN_DOCUMENTATION_COMMENTS = YES;
				CLANG_WARN_EMPTY_BODY = YES;
				CLANG_WARN_ENUM_CONVERSION = YES;
				CLANG_WARN_INFINITE_RECURSION = YES;
				CLANG_WARN_INT_CONVERSION = YES;
				CLANG_WARN_OBJC_ROOT_CLASS = YES_ERROR;
				CLANG_WARN_SUSPICIOUS_MOVE = YES;
				CLANG_WARN_UNREACHABLE_CODE = YES;
				CLANG_WARN__DUPLICATE_METHOD_MATCH = YES;
				"CODE_SIGN_IDENTITY[sdk=iphoneos*]" = "iPhone Developer";
				COPY_PHASE_STRIP = NO;
				DEBUG_INFORMATION_FORMAT = dwarf;
				ENABLE_STRICT_OBJC_MSGSEND = YES;
				ENABLE_TESTABILITY = YES;
				GCC_C_LANGUAGE_STANDARD = gnu99;
				GCC_DYNAMIC_NO_PIC = NO;
				GCC_NO_COMMON_BLOCKS = YES;
				GCC_OPTIMIZATION_LEVEL = 0;
				GCC_PREPROCESSOR_DEFINITIONS = (
					"DEBUG=1",
					"$(inherited)",
				);
				GCC_WARN_64_TO_32_BIT_CONVERSION = YES;
				GCC_WARN_ABOUT_RETURN_TYPE = YES_ERROR;
				GCC_WARN_UNDECLARED_SELECTOR = YES;
				GCC_WARN_UNINITIALIZED_AUTOS = YES_AGGRESSIVE;
				GCC_WARN_UNUSED_FUNCTION = YES;
				GCC_WARN_UNUSED_VARIABLE = YES;
				IPHONEOS_DEPLOYMENT_TARGET = 10.3;
				MTL_ENABLE_DEBUG_INFO = YES;
				ONLY_ACTIVE_ARCH = YES;
				SDKROOT = iphoneos;
				SWIFT_ACTIVE_COMPILATION_CONDITIONS = DEBUG;
				SWIFT_OPTIMIZATION_LEVEL = "-Onone";
			};
			name = Debug;
		};
		E1328F251F63BF700079566B /* Release */ = {
			isa = XCBuildConfiguration;
			buildSettings = {
				ALWAYS_SEARCH_USER_PATHS = NO;
				CLANG_ANALYZER_NONNULL = YES;
				CLANG_ANALYZER_NUMBER_OBJECT_CONVERSION = YES_AGGRESSIVE;
				CLANG_CXX_LANGUAGE_STANDARD = "gnu++0x";
				CLANG_CXX_LIBRARY = "libc++";
				CLANG_ENABLE_MODULES = YES;
				CLANG_ENABLE_OBJC_ARC = YES;
				CLANG_WARN_BOOL_CONVERSION = YES;
				CLANG_WARN_CONSTANT_CONVERSION = YES;
				CLANG_WARN_DIRECT_OBJC_ISA_USAGE = YES_ERROR;
				CLANG_WARN_DOCUMENTATION_COMMENTS = YES;
				CLANG_WARN_EMPTY_BODY = YES;
				CLANG_WARN_ENUM_CONVERSION = YES;
				CLANG_WARN_INFINITE_RECURSION = YES;
				CLANG_WARN_INT_CONVERSION = YES;
				CLANG_WARN_OBJC_ROOT_CLASS = YES_ERROR;
				CLANG_WARN_SUSPICIOUS_MOVE = YES;
				CLANG_WARN_UNREACHABLE_CODE = YES;
				CLANG_WARN__DUPLICATE_METHOD_MATCH = YES;
				"CODE_SIGN_IDENTITY[sdk=iphoneos*]" = "iPhone Developer";
				COPY_PHASE_STRIP = NO;
				DEBUG_INFORMATION_FORMAT = "dwarf-with-dsym";
				ENABLE_NS_ASSERTIONS = NO;
				ENABLE_STRICT_OBJC_MSGSEND = YES;
				GCC_C_LANGUAGE_STANDARD = gnu99;
				GCC_NO_COMMON_BLOCKS = YES;
				GCC_WARN_64_TO_32_BIT_CONVERSION = YES;
				GCC_WARN_ABOUT_RETURN_TYPE = YES_ERROR;
				GCC_WARN_UNDECLARED_SELECTOR = YES;
				GCC_WARN_UNINITIALIZED_AUTOS = YES_AGGRESSIVE;
				GCC_WARN_UNUSED_FUNCTION = YES;
				GCC_WARN_UNUSED_VARIABLE = YES;
				IPHONEOS_DEPLOYMENT_TARGET = 10.3;
				MTL_ENABLE_DEBUG_INFO = NO;
				SDKROOT = iphoneos;
				SWIFT_OPTIMIZATION_LEVEL = "-Owholemodule";
				VALIDATE_PRODUCT = YES;
			};
			name = Release;
		};
		E1328F271F63BF700079566B /* Debug */ = {
			isa = XCBuildConfiguration;
			buildSettings = {
				ASSETCATALOG_COMPILER_APPICON_NAME = AppIcon;
				DEVELOPMENT_TEAM = N532BG9YPA;
				INFOPLIST_FILE = Hole/Info.plist;
				LD_RUNPATH_SEARCH_PATHS = "$(inherited) @executable_path/Frameworks";
				PRODUCT_BUNDLE_IDENTIFIER = com.tanhp.hole;
				PRODUCT_NAME = "$(TARGET_NAME)";
				SWIFT_VERSION = 3.0;
			};
			name = Debug;
		};
		E1328F281F63BF700079566B /* Release */ = {
			isa = XCBuildConfiguration;
			buildSettings = {
				ASSETCATALOG_COMPILER_APPICON_NAME = AppIcon;
				DEVELOPMENT_TEAM = N532BG9YPA;
				INFOPLIST_FILE = Hole/Info.plist;
				LD_RUNPATH_SEARCH_PATHS = "$(inherited) @executable_path/Frameworks";
				PRODUCT_BUNDLE_IDENTIFIER = com.tanhp.hole;
				PRODUCT_NAME = "$(TARGET_NAME)";
				SWIFT_VERSION = 3.0;
			};
			name = Release;
		};
		E1328F2A1F63BF700079566B /* Debug */ = {
			isa = XCBuildConfiguration;
			buildSettings = {
				ALWAYS_EMBED_SWIFT_STANDARD_LIBRARIES = YES;
				BUNDLE_LOADER = "$(TEST_HOST)";
				DEVELOPMENT_TEAM = N532BG9YPA;
				INFOPLIST_FILE = HoleTests/Info.plist;
				LD_RUNPATH_SEARCH_PATHS = "$(inherited) @executable_path/Frameworks @loader_path/Frameworks";
				PRODUCT_BUNDLE_IDENTIFIER = com.tanhp.HoleTests;
				PRODUCT_NAME = "$(TARGET_NAME)";
				SWIFT_VERSION = 3.0;
				TEST_HOST = "$(BUILT_PRODUCTS_DIR)/Hole.app/Hole";
			};
			name = Debug;
		};
		E1328F2B1F63BF700079566B /* Release */ = {
			isa = XCBuildConfiguration;
			buildSettings = {
				ALWAYS_EMBED_SWIFT_STANDARD_LIBRARIES = YES;
				BUNDLE_LOADER = "$(TEST_HOST)";
				DEVELOPMENT_TEAM = N532BG9YPA;
				INFOPLIST_FILE = HoleTests/Info.plist;
				LD_RUNPATH_SEARCH_PATHS = "$(inherited) @executable_path/Frameworks @loader_path/Frameworks";
				PRODUCT_BUNDLE_IDENTIFIER = com.tanhp.HoleTests;
				PRODUCT_NAME = "$(TARGET_NAME)";
				SWIFT_VERSION = 3.0;
				TEST_HOST = "$(BUILT_PRODUCTS_DIR)/Hole.app/Hole";
			};
			name = Release;
		};
		E1328F2D1F63BF700079566B /* Debug */ = {
			isa = XCBuildConfiguration;
			buildSettings = {
				ALWAYS_EMBED_SWIFT_STANDARD_LIBRARIES = YES;
				DEVELOPMENT_TEAM = N532BG9YPA;
				INFOPLIST_FILE = HoleUITests/Info.plist;
				LD_RUNPATH_SEARCH_PATHS = "$(inherited) @executable_path/Frameworks @loader_path/Frameworks";
				PRODUCT_BUNDLE_IDENTIFIER = com.tanhp.HoleUITests;
				PRODUCT_NAME = "$(TARGET_NAME)";
				SWIFT_VERSION = 3.0;
				TEST_TARGET_NAME = Hole;
			};
			name = Debug;
		};
		E1328F2E1F63BF700079566B /* Release */ = {
			isa = XCBuildConfiguration;
			buildSettings = {
				ALWAYS_EMBED_SWIFT_STANDARD_LIBRARIES = YES;
				DEVELOPMENT_TEAM = N532BG9YPA;
				INFOPLIST_FILE = HoleUITests/Info.plist;
				LD_RUNPATH_SEARCH_PATHS = "$(inherited) @executable_path/Frameworks @loader_path/Frameworks";
				PRODUCT_BUNDLE_IDENTIFIER = com.tanhp.HoleUITests;
				PRODUCT_NAME = "$(TARGET_NAME)";
				SWIFT_VERSION = 3.0;
				TEST_TARGET_NAME = Hole;
			};
			name = Release;
		};
/* End XCBuildConfiguration section */

/* Begin XCConfigurationList section */
		E1328EF91F63BF6F0079566B /* Build configuration list for PBXProject "Hole" */ = {
			isa = XCConfigurationList;
			buildConfigurations = (
				E1328F241F63BF700079566B /* Debug */,
				E1328F251F63BF700079566B /* Release */,
			);
			defaultConfigurationIsVisible = 0;
			defaultConfigurationName = Release;
		};
		E1328F261F63BF700079566B /* Build configuration list for PBXNativeTarget "Hole" */ = {
			isa = XCConfigurationList;
			buildConfigurations = (
				E1328F271F63BF700079566B /* Debug */,
				E1328F281F63BF700079566B /* Release */,
			);
			defaultConfigurationIsVisible = 0;
			defaultConfigurationName = Release;
		};
		E1328F291F63BF700079566B /* Build configuration list for PBXNativeTarget "HoleTests" */ = {
			isa = XCConfigurationList;
			buildConfigurations = (
				E1328F2A1F63BF700079566B /* Debug */,
				E1328F2B1F63BF700079566B /* Release */,
			);
			defaultConfigurationIsVisible = 0;
			defaultConfigurationName = Release;
		};
		E1328F2C1F63BF700079566B /* Build configuration list for PBXNativeTarget "HoleUITests" */ = {
			isa = XCConfigurationList;
			buildConfigurations = (
				E1328F2D1F63BF700079566B /* Debug */,
				E1328F2E1F63BF700079566B /* Release */,
			);
			defaultConfigurationIsVisible = 0;
			defaultConfigurationName = Release;
		};
/* End XCConfigurationList section */
	};
	rootObject = E1328EF61F63BF6F0079566B /* Project object */;
}
